{
  "name": "@mariosenese/ciaomondo",
  "version": "1.0.19",
  "lockfileVersion": 2,
  "requires": true,
  "packages": {
    "": {
      "name": "@mariosenese/ciaomondo",
      "version": "1.0.19",
      "license": "MIT",
      "dependencies": {
        "@bamblehorse/tiny": "^2.0.0",
        "@mariosenese/ciaomondo": "^1.0.19"
      }
    },
    "node_modules/@bamblehorse/tiny": {
      "version": "2.0.0",
      "resolved": "https://registry.npmjs.org/@bamblehorse/tiny/-/tiny-2.0.0.tgz",
      "integrity": "sha512-l2muGeiKltR0sSAqV8n/qTNFdhuwpN/2cW919q/upK+KrUcVhW+rgH9ipOTjEzPOLUmJs6JH2RABUSGZ7Ly8lA=="
    },
    "node_modules/@mariosenese/ciaomondo": {
      "version": "1.0.19",
      "resolved": "https://registry.npmjs.org/@mariosenese/ciaomondo/-/ciaomondo-1.0.19.tgz",
      "integrity": "sha512-veGLdScBvT9pnifAN3X4MD2lzj+W3xIJX63r5g4YZtzED6mvLXYGKR020nWW5Ujn8WICVANCnLt0vGqGNUpq6w=="
    }
  },
  "dependencies": {
    "@bamblehorse/tiny": {
      "version": "2.0.0",
      "resolved": "https://registry.npmjs.org/@bamblehorse/tiny/-/tiny-2.0.0.tgz",
      "integrity": "sha512-l2muGeiKltR0sSAqV8n/qTNFdhuwpN/2cW919q/upK+KrUcVhW+rgH9ipOTjEzPOLUmJs6JH2RABUSGZ7Ly8lA=="
    },
    "@mariosenese/ciaomondo": {
      "version": "1.0.19",
      "resolved": "https://registry.npmjs.org/@mariosenese/ciaomondo/-/ciaomondo-1.0.19.tgz",
      "integrity": "sha512-veGLdScBvT9pnifAN3X4MD2lzj+W3xIJX63r5g4YZtzED6mvLXYGKR020nWW5Ujn8WICVANCnLt0vGqGNUpq6w=="
    }
  }
}
